{
  "nodes": {
    "flake-parts": {
      "inputs": {
        "nixpkgs-lib": [
          "nixpkgs"
        ]
      },
      "locked": {
        "lastModified": 1778716662,
        "narHash": "sha256-m1Yf0wZ8j1OHjTc2UwHwyQRSnNeSgLJOd7q5Y45hzi4=",
        "owner": "hercules-ci",
        "repo": "flake-parts",
        "rev": "f7c1a2d347e4c52d5fb8d10cb4d94b5884e546fb",
        "type": "github"
      },
      "original": {
        "owner": "hercules-ci",
        "repo": "flake-parts",
        "type": "github"
      }
    },
    "flux-src": {
      "flake": false,
      "locked": {
        "lastModified": 1787288376,
        "narHash": "sha256-LJxQlfAkxAedG+bUwp+N7XgMwXU/ev405/sfqpwdTck=",
        "owner": "MaxTheMooshroom",
        "repo": "flux-rs",
        "rev": "91d57562a97b469bfb562faa1eec55f03c428745",
        "type": "github"
      },
      "original": {
        "owner": "MaxTheMooshroom",
        "ref": "flux-bin/get_cargo_path",
        "repo": "flux-rs",
        "type": "github"
      }
    },
    "liquid-fixpoint": {
      "flake": false,
      "locked": {
        "lastModified": 1778676410,
        "narHash": "sha256-uTKlJVc69bg8VA38p3erl1ICEXILhSvvqbH/EuHkImU=",
        "owner": "ucsd-progsys",
        "repo": "liquid-fixpoint",
        "rev": "1ec005195bc93153b62983004c87632a9a1f8c31",
        "type": "github"
      },
      "original": {
        "owner": "ucsd-progsys",
        "repo": "liquid-fixpoint",
        "rev": "1ec005195bc93153b62983004c87632a9a1f8c31",
        "type": "github"
      }
    },
    "mlib": {
      "inputs": {
        "flake-parts": [
          "flake-parts"
        ]
      },
      "locked": {
        "lastModified": 1785492531,
        "narHash": "sha256-OByOU2/5NmYiOnKLwFgFRwyxZfd1d9iKy4BSlHazn+E=",
        "owner": "MaxTheMooshroom",
        "repo": "mlib.nix",
        "rev": "a6627faec93e5ed26b7971d693ebff68519a2ebd",
        "type": "github"
      },
      "original": {
        "owner": "MaxTheMooshroom",
        "repo": "mlib.nix",
        "type": "github"
      }
    },
    "mlib_2": {
      "inputs": {
        "flake-parts": [
          "toolchain2manifest",
          "flake-parts"
        ]
      },
      "locked": {
        "lastModified": 1785492531,
        "narHash": "sha256-OByOU2/5NmYiOnKLwFgFRwyxZfd1d9iKy4BSlHazn+E=",
        "owner": "MaxTheMooshroom",
        "repo": "mlib.nix",
        "rev": "a6627faec93e5ed26b7971d693ebff68519a2ebd",
        "type": "github"
      },
      "original": {
        "owner": "MaxTheMooshroom",
        "repo": "mlib.nix",
        "type": "github"
      }
    },
    "nixpkgs": {
      "locked": {
        "lastModified": 1780145889,
        "narHash": "sha256-md0zn0RnwNvPyASas1yG5YUuwQ4ALA6ucL50l0DvqCo=",
        "owner": "NixOS",
        "repo": "nixpkgs",
        "rev": "8c50a710ddca43d7a530fb805ad55bde8d0141c5",
        "type": "github"
      },
      "original": {
        "owner": "NixOS",
        "ref": "26.05",
        "repo": "nixpkgs",
        "type": "github"
      }
    },
    "nixpkgs_2": {
      "locked": {
        "lastModified": 1744536153,
        "narHash": "sha256-awS2zRgF4uTwrOKwwiJcByDzDOdo3Q1rPZbiHQg/N38=",
        "owner": "NixOS",
        "repo": "nixpkgs",
        "rev": "18dd725c29603f582cf1900e0d25f9f1063dbf11",
        "type": "github"
      },
      "original": {
        "owner": "NixOS",
        "ref": "nixpkgs-unstable",
        "repo": "nixpkgs",
        "type": "github"
      }
    },
    "nixpkgs_3": {
      "locked": {
        "lastModified": 1744536153,
        "narHash": "sha256-awS2zRgF4uTwrOKwwiJcByDzDOdo3Q1rPZbiHQg/N38=",
        "owner": "NixOS",
        "repo": "nixpkgs",
        "rev": "18dd725c29603f582cf1900e0d25f9f1063dbf11",
        "type": "github"
      },
      "original": {
        "owner": "NixOS",
        "ref": "nixpkgs-unstable",
        "repo": "nixpkgs",
        "type": "github"
      }
    },
    "root": {
      "inputs": {
        "flake-parts": "flake-parts",
        "flux-src": "flux-src",
        "liquid-fixpoint": "liquid-fixpoint",
        "mlib": "mlib",
        "nixpkgs": "nixpkgs",
        "rust-overlay": "rust-overlay",
        "toolchain2manifest": "toolchain2manifest"
      }
    },
    "rust-overlay": {
      "inputs": {
        "nixpkgs": "nixpkgs_2"
      },
      "locked": {
        "lastModified": 1777259803,
        "narHash": "sha256-fIb/EoVu/1U0qVrE6qZCJ2WCfprRpywNIAVzKEACIQc=",
        "owner": "oxalica",
        "repo": "rust-overlay",
        "rev": "a6cb2224d975e16b5e67de688c6ad306f7203425",
        "type": "github"
      },
      "original": {
        "owner": "oxalica",
        "repo": "rust-overlay",
        "rev": "a6cb2224d975e16b5e67de688c6ad306f7203425",
        "type": "github"
      }
    },
    "rust-overlay_2": {
      "inputs": {
        "nixpkgs": "nixpkgs_3"
      },
      "locked": {
        "lastModified": 1777259803,
        "narHash": "sha256-fIb/EoVu/1U0qVrE6qZCJ2WCfprRpywNIAVzKEACIQc=",
        "owner": "oxalica",
        "repo": "rust-overlay",
        "rev": "a6cb2224d975e16b5e67de688c6ad306f7203425",
        "type": "github"
      },
      "original": {
        "owner": "oxalica",
        "repo": "rust-overlay",
        "rev": "a6cb2224d975e16b5e67de688c6ad306f7203425",
        "type": "github"
      }
    },
    "toolchain2manifest": {
      "inputs": {
        "flake-parts": [
          "flake-parts"
        ],
        "mlib": "mlib_2",
        "nixpkgs": [
          "nixpkgs"
        ],
        "rust-overlay": "rust-overlay_2"
      },
      "locked": {
        "lastModified": 1788629237,
        "narHash": "sha256-5HZfpL73zINCE3NRt1LY6e1VYxsJ6blIGRPn3cEJ3Os=",
        "owner": "MaxTheMooshroom",
        "repo": "rust-toolchain-to-manifest",
        "rev": "aba26d1dee3138a48c1850fae6c125d440979590",
        "type": "github"
      },
      "original": {
        "owner": "MaxTheMooshroom",
        "ref": "squeeze-bin",
        "repo": "rust-toolchain-to-manifest",
        "type": "github"
      }
    }
  },
  "root": "root",
  "version": 7
}
